{
    "_readme": [
        "This file locks the dependencies of your project to a known state",
        "Read more about it at https://getcomposer.org/doc/01-basic-usage.md#installing-dependencies",
        "This file is @generated automatically"
    ],
    "content-hash": "1d6b737cc07826aa80d7e1599e7539d0",
    "packages": [
        {
            "name": "codemonster-ru/annabel",
            "version": "v1.12.0",
            "source": {
                "type": "git",
                "url": "https://github.com/codemonster-ru/annabel.git",
                "reference": "139d7a0d1b50e568b5dddca26fc28c08db8b9505"
            },
            "dist": {
                "type": "zip",
                "url": "https://api.github.com/repos/codemonster-ru/annabel/zipball/139d7a0d1b50e568b5dddca26fc28c08db8b9505",
                "reference": "139d7a0d1b50e568b5dddca26fc28c08db8b9505",
                "shasum": ""
            },
            "require": {
                "codemonster-ru/errors": "^1.0",
                "codemonster-ru/razor": "^1.0",
                "codemonster-ru/support": "^1.0",
                "codemonster-ru/view-php": "^2.0",
                "php": ">=8.2"
            },
            "require-dev": {
                "phpunit/phpunit": "^9.6 || ^10.5 || ^11.0 || ^12.0"
            },
            "suggest": {
                "codemonster-ru/ssr-bridge": "Enable Vue/React/Svelte SSR rendering bridge"
            },
            "bin": [
                "bin/annabel"
            ],
            "type": "library",
            "extra": {
                "branch-alias": {
                    "dev-main": "1.0.x-dev"
                }
            },
            "autoload": {
                "psr-4": {
                    "Codemonster\\Annabel\\": "src/"
                }
            },
            "notification-url": "https://packagist.org/downloads/",
            "license": [
                "MIT"
            ],
            "authors": [
                {
                    "name": "Kirill Kolesnikov",
                    "email": "admin@codemonster.net",
                    "role": "Lead Developer"
                }
            ],
            "description": "Elegant and lightweight PHP framework for modern web applications",
            "homepage": "https://github.com/codemonster-ru/annabel",
            "keywords": [
                "annabel",
                "codemonster",
                "container",
                "framework",
                "mvc",
                "php",
                "router",
                "view"
            ],
            "support": {
                "issues": "https://github.com/codemonster-ru/annabel/issues",
                "source": "https://github.com/codemonster-ru/annabel"
            },
            "time": "2025-12-10T14:09:24+00:00"
        },
        {
            "name": "codemonster-ru/config",
            "version": "v2.0.1",
            "source": {
                "type": "git",
                "url": "https://github.com/codemonster-ru/config.git",
                "reference": "701b8b18bdf0ec7505729be7acb0cb69f9027a3e"
            },
            "dist": {
                "type": "zip",
                "url": "https://api.github.com/repos/codemonster-ru/config/zipball/701b8b18bdf0ec7505729be7acb0cb69f9027a3e",
                "reference": "701b8b18bdf0ec7505729be7acb0cb69f9027a3e",
                "shasum": ""
            },
            "require": {
                "php": ">=8.2"
            },
            "require-dev": {
                "phpunit/phpunit": "^9.6 || ^10.5 || ^11.0 || ^12.0"
            },
            "type": "library",
            "autoload": {
                "psr-4": {
                    "Codemonster\\Config\\": "src/"
                }
            },
            "notification-url": "https://packagist.org/downloads/",
            "license": [
                "MIT"
            ],
            "authors": [
                {
                    "name": "Kirill Kolesnikov",
                    "email": "admin@codemonster.ru",
                    "homepage": "https://github.com/KolesnikovKirill",
                    "role": "Lead Developer"
                }
            ],
            "description": "Lightweight configuration loader for PHP applications",
            "homepage": "https://github.com/codemonster-ru/config",
            "keywords": [
                "Settings",
                "config",
                "configuration",
                "env",
                "php"
            ],
            "support": {
                "issues": "https://github.com/codemonster-ru/config/issues",
                "source": "https://github.com/codemonster-ru/config"
            },
            "time": "2025-10-05T10:45:06+00:00"
        },
        {
            "name": "codemonster-ru/database",
            "version": "v1.4.3",
            "source": {
                "type": "git",
                "url": "https://github.com/codemonster-ru/database.git",
                "reference": "38a8fd59d8f8ef2585e2424bd1dd5d7361656903"
            },
            "dist": {
                "type": "zip",
                "url": "https://api.github.com/repos/codemonster-ru/database/zipball/38a8fd59d8f8ef2585e2424bd1dd5d7361656903",
                "reference": "38a8fd59d8f8ef2585e2424bd1dd5d7361656903",
                "shasum": ""
            },
            "require": {
                "ext-pdo": "*",
                "php": ">=8.2"
            },
            "require-dev": {
                "phpunit/phpunit": "^9.6 || ^10.5 || ^11.0 || ^12.0"
            },
            "bin": [
                "bin/database"
            ],
            "type": "library",
            "extra": {
                "branch-alias": {
                    "dev-main": "1.x-dev"
                }
            },
            "autoload": {
                "psr-4": {
                    "Codemonster\\Database\\": "src/"
                }
            },
            "notification-url": "https://packagist.org/downloads/",
            "license": [
                "MIT"
            ],
            "authors": [
                {
                    "name": "Kirill Kolesnikov",
                    "email": "admin@codemonster.net",
                    "homepage": "https://github.com/KolesnikovKirill",
                    "role": "Lead Developer"
                }
            ],
            "description": "Lightweight, framework-agnostic database layer with PDO connections, fluent Query Builder, Schema Builder, and full migration system.",
            "homepage": "https://github.com/codemonster-ru/database",
            "keywords": [
                "codemonster",
                "database",
                "database-manager",
                "db-layer",
                "framework-agnostic",
                "migration-runner",
                "migrations",
                "mysql",
                "orm-like",
                "pdo",
                "php-database",
                "query",
                "query-builder",
                "schema",
                "sql"
            ],
            "support": {
                "issues": "https://github.com/codemonster-ru/database/issues",
                "source": "https://github.com/codemonster-ru/database"
            },
            "time": "2025-12-10T17:00:33+00:00"
        },
        {
            "name": "codemonster-ru/dumper",
            "version": "v1.0.0",
            "source": {
                "type": "git",
                "url": "https://github.com/codemonster-ru/dumper.git",
                "reference": "de5bf8188b8ce3e7cda8aa11006197e0adfeb708"
            },
            "dist": {
                "type": "zip",
                "url": "https://api.github.com/repos/codemonster-ru/dumper/zipball/de5bf8188b8ce3e7cda8aa11006197e0adfeb708",
                "reference": "de5bf8188b8ce3e7cda8aa11006197e0adfeb708",
                "shasum": ""
            },
            "require": {
                "php": ">=8.2"
            },
            "require-dev": {
                "phpunit/phpunit": "^9.6 || ^10.5 || ^11.0 || ^12.0"
            },
            "type": "library",
            "autoload": {
                "psr-4": {
                    "Codemonster\\Dumper\\": "src/"
                }
            },
            "notification-url": "https://packagist.org/downloads/",
            "license": [
                "MIT"
            ],
            "authors": [
                {
                    "name": "Kirill Kolesnikov",
                    "email": "admin@codemonster.ru",
                    "homepage": "https://github.com/KolesnikovKirill",
                    "role": "Lead Developer"
                }
            ],
            "description": "Simple and elegant PHP variable dumper for CLI and web environments",
            "homepage": "https://github.com/codemonster-ru/dumper",
            "keywords": [
                "cli",
                "dd",
                "debug",
                "dump",
                "dumper",
                "html",
                "php",
                "var-dump"
            ],
            "support": {
                "issues": "https://github.com/codemonster-ru/dumper/issues",
                "source": "https://github.com/codemonster-ru/dumper"
            },
            "time": "2025-10-07T15:42:10+00:00"
        },
        {
            "name": "codemonster-ru/env",
            "version": "v2.0.1",
            "source": {
                "type": "git",
                "url": "https://github.com/codemonster-ru/env.git",
                "reference": "7330e3d5b4304d60e596ad911e656044985eae70"
            },
            "dist": {
                "type": "zip",
                "url": "https://api.github.com/repos/codemonster-ru/env/zipball/7330e3d5b4304d60e596ad911e656044985eae70",
                "reference": "7330e3d5b4304d60e596ad911e656044985eae70",
                "shasum": ""
            },
            "require": {
                "php": ">=8.2"
            },
            "require-dev": {
                "phpunit/phpunit": "^9.6 || ^10.5 || ^11.0 || ^12.0"
            },
            "type": "library",
            "autoload": {
                "psr-4": {
                    "Codemonster\\Env\\": "src/"
                }
            },
            "notification-url": "https://packagist.org/downloads/",
            "license": [
                "MIT"
            ],
            "authors": [
                {
                    "name": "Kirill Kolesnikov",
                    "email": "admin@codemonster.ru",
                    "homepage": "https://github.com/KolesnikovKirill",
                    "role": "Lead Developer"
                }
            ],
            "description": "Lightweight .env loader for PHP projects",
            "homepage": "https://github.com/codemonster-ru/env",
            "keywords": [
                "Settings",
                "configuration",
                "dotenv",
                "env",
                "environment",
                "loader",
                "php"
            ],
            "support": {
                "issues": "https://github.com/codemonster-ru/env/issues",
                "source": "https://github.com/codemonster-ru/env"
            },
            "time": "2025-10-05T11:16:30+00:00"
        },
        {
            "name": "codemonster-ru/errors",
            "version": "v1.1.0",
            "source": {
                "type": "git",
                "url": "https://github.com/codemonster-ru/errors.git",
                "reference": "67048008174fc998f46675014b09bb7bab220321"
            },
            "dist": {
                "type": "zip",
                "url": "https://api.github.com/repos/codemonster-ru/errors/zipball/67048008174fc998f46675014b09bb7bab220321",
                "reference": "67048008174fc998f46675014b09bb7bab220321",
                "shasum": ""
            },
            "require": {
                "codemonster-ru/http": "^1.0",
                "php": ">=8.2"
            },
            "require-dev": {
                "phpunit/phpunit": "^9.6 || ^10.5 || ^11.0 || ^12.0"
            },
            "type": "library",
            "extra": {
                "branch-alias": {
                    "dev-main": "1.0.x-dev"
                }
            },
            "autoload": {
                "psr-4": {
                    "Codemonster\\Errors\\": "src/"
                }
            },
            "notification-url": "https://packagist.org/downloads/",
            "license": [
                "MIT"
            ],
            "authors": [
                {
                    "name": "Kirill Kolesnikov",
                    "email": "admin@codemonster.net",
                    "role": "Lead Developer"
                }
            ],
            "description": "Universal exception and HTTP error handling package for PHP applications. Developed for the Codemonster ecosystem (Annabel framework).",
            "homepage": "https://github.com/codemonster-ru/errors",
            "keywords": [
                "annabel",
                "codemonster",
                "errors",
                "exceptions",
                "framework",
                "handler",
                "http",
                "php"
            ],
            "support": {
                "issues": "https://github.com/codemonster-ru/errors/issues",
                "source": "https://github.com/codemonster-ru/errors"
            },
            "time": "2025-11-15T18:26:59+00:00"
        },
        {
            "name": "codemonster-ru/http",
            "version": "v1.0.0",
            "source": {
                "type": "git",
                "url": "https://github.com/codemonster-ru/http.git",
                "reference": "8618d1e5571d4ad3f36b2431f15b63f309ced51a"
            },
            "dist": {
                "type": "zip",
                "url": "https://api.github.com/repos/codemonster-ru/http/zipball/8618d1e5571d4ad3f36b2431f15b63f309ced51a",
                "reference": "8618d1e5571d4ad3f36b2431f15b63f309ced51a",
                "shasum": ""
            },
            "require": {
                "php": ">=8.2"
            },
            "require-dev": {
                "phpunit/phpunit": "^9.6 || ^10.5 || ^11.0 || ^12.0"
            },
            "type": "library",
            "extra": {
                "branch-alias": {
                    "dev-main": "1.0.x-dev"
                }
            },
            "autoload": {
                "psr-4": {
                    "Codemonster\\Http\\": "src/"
                }
            },
            "notification-url": "https://packagist.org/downloads/",
            "license": [
                "MIT"
            ],
            "authors": [
                {
                    "name": "Kirill Kolesnikov",
                    "email": "admin@codemonster.net",
                    "homepage": "https://github.com/KolesnikovKirill",
                    "role": "Lead Developer"
                }
            ],
            "description": "Lightweight object-oriented HTTP foundation for PHP.",
            "homepage": "https://github.com/codemonster-ru/http",
            "keywords": [
                "framework",
                "http",
                "json",
                "php",
                "redirect",
                "request",
                "response"
            ],
            "support": {
                "issues": "https://github.com/codemonster-ru/http/issues",
                "source": "https://github.com/codemonster-ru/http"
            },
            "time": "2025-10-23T14:51:28+00:00"
        },
        {
            "name": "codemonster-ru/razor",
            "version": "v1.1.0",
            "source": {
                "type": "git",
                "url": "https://github.com/codemonster-ru/razor.git",
                "reference": "85b15a6d053338c34a53269d9590abf29b03db8a"
            },
            "dist": {
                "type": "zip",
                "url": "https://api.github.com/repos/codemonster-ru/razor/zipball/85b15a6d053338c34a53269d9590abf29b03db8a",
                "reference": "85b15a6d053338c34a53269d9590abf29b03db8a",
                "shasum": ""
            },
            "require": {
                "codemonster-ru/view": "^2.0",
                "php": ">=8.2"
            },
            "require-dev": {
                "phpunit/phpunit": "^9.6 || ^10.5 || ^11.0 || ^12.0"
            },
            "type": "library",
            "extra": {
                "branch-alias": {
                    "dev-main": "999.x-dev"
                }
            },
            "autoload": {
                "psr-4": {
                    "Codemonster\\Razor\\": "src/"
                }
            },
            "notification-url": "https://packagist.org/downloads/",
            "license": [
                "MIT"
            ],
            "authors": [
                {
                    "name": "Kirill Kolesnikov",
                    "email": "admin@codemonster.ru",
                    "homepage": "https://github.com/KolesnikovKirill",
                    "role": "Lead Developer"
                }
            ],
            "description": "Template engine for PHP",
            "homepage": "https://github.com/codemonster-ru/razor",
            "keywords": [
                "annabel",
                "codemonster",
                "engine",
                "php",
                "razor",
                "template",
                "templating",
                "view"
            ],
            "support": {
                "issues": "https://github.com/codemonster-ru/razor/issues",
                "source": "https://github.com/codemonster-ru/razor"
            },
            "time": "2025-10-14T14:33:03+00:00"
        },
        {
            "name": "codemonster-ru/router",
            "version": "v2.5.0",
            "source": {
                "type": "git",
                "url": "https://github.com/codemonster-ru/router.git",
                "reference": "32bef189adcc1f24498a7cfdac2c666fd8ea3cd1"
            },
            "dist": {
                "type": "zip",
                "url": "https://api.github.com/repos/codemonster-ru/router/zipball/32bef189adcc1f24498a7cfdac2c666fd8ea3cd1",
                "reference": "32bef189adcc1f24498a7cfdac2c666fd8ea3cd1",
                "shasum": ""
            },
            "require": {
                "php": ">=8.2"
            },
            "require-dev": {
                "phpunit/phpunit": "^9.6 || ^10.5 || ^11.0 || ^12.0"
            },
            "type": "library",
            "extra": {
                "branch-alias": {
                    "dev-main": "2.0.x-dev"
                }
            },
            "autoload": {
                "psr-4": {
                    "Codemonster\\Router\\": "src/"
                }
            },
            "notification-url": "https://packagist.org/downloads/",
            "license": [
                "MIT"
            ],
            "authors": [
                {
                    "name": "Kirill Kolesnikov",
                    "email": "admin@codemonster.ru",
                    "homepage": "https://github.com/KolesnikovKirill",
                    "role": "Lead Developer"
                }
            ],
            "description": "Lightweight router for PHP applications",
            "homepage": "https://github.com/codemonster-ru/router",
            "keywords": [
                "framework",
                "http",
                "lightweight",
                "php",
                "router",
                "routing"
            ],
            "support": {
                "issues": "https://github.com/codemonster-ru/router/issues",
                "source": "https://github.com/codemonster-ru/router"
            },
            "time": "2025-11-15T21:59:06+00:00"
        },
        {
            "name": "codemonster-ru/security",
            "version": "v1.0.0",
            "source": {
                "type": "git",
                "url": "https://github.com/codemonster-ru/security.git",
                "reference": "704e0e83cd22d480f2559c0d69aa44a26974f784"
            },
            "dist": {
                "type": "zip",
                "url": "https://api.github.com/repos/codemonster-ru/security/zipball/704e0e83cd22d480f2559c0d69aa44a26974f784",
                "reference": "704e0e83cd22d480f2559c0d69aa44a26974f784",
                "shasum": ""
            },
            "require": {
                "codemonster-ru/http": "^1.0",
                "codemonster-ru/session": "^1.0",
                "php": ">=8.2"
            },
            "require-dev": {
                "codemonster-ru/annabel": "^1.0",
                "phpunit/phpunit": "^9.6 || ^10.5 || ^11.0 || ^12.0"
            },
            "suggest": {
                "codemonster-ru/annabel": "Registers SecurityServiceProvider to enable middleware integration"
            },
            "type": "library",
            "extra": {
                "branch-alias": {
                    "dev-main": "1.0.x-dev"
                }
            },
            "autoload": {
                "files": [
                    "src/helpers/csrf.php"
                ],
                "psr-4": {
                    "Codemonster\\Security\\": "src/"
                }
            },
            "notification-url": "https://packagist.org/downloads/",
            "license": [
                "MIT"
            ],
            "authors": [
                {
                    "name": "Kirill Kolesnikov",
                    "email": "admin@codemonster.net",
                    "homepage": "https://github.com/KolesnikovKirill",
                    "role": "Lead Developer"
                }
            ],
            "description": "Security components for Annabel ecosystem: CSRF protection and rate limiting.",
            "homepage": "https://github.com/codemonster-ru/security",
            "keywords": [
                "annabel",
                "codemonster",
                "csrf",
                "php",
                "rate-limiting",
                "security",
                "throttle"
            ],
            "support": {
                "issues": "https://github.com/codemonster-ru/security/issues",
                "source": "https://github.com/codemonster-ru/security"
            },
            "time": "2025-12-17T16:36:36+00:00"
        },
        {
            "name": "codemonster-ru/session",
            "version": "v1.1.0",
            "source": {
                "type": "git",
                "url": "https://github.com/codemonster-ru/session.git",
                "reference": "aea7af70ebc2ccdb90c9ceb66cb7774973bf0b7d"
            },
            "dist": {
                "type": "zip",
                "url": "https://api.github.com/repos/codemonster-ru/session/zipball/aea7af70ebc2ccdb90c9ceb66cb7774973bf0b7d",
                "reference": "aea7af70ebc2ccdb90c9ceb66cb7774973bf0b7d",
                "shasum": ""
            },
            "require": {
                "php": ">=8.2"
            },
            "require-dev": {
                "phpunit/phpunit": "^9.6 || ^10.5 || ^11.0 || ^12.0"
            },
            "type": "library",
            "extra": {
                "branch-alias": {
                    "dev-main": "1.0.x-dev"
                }
            },
            "autoload": {
                "psr-4": {
                    "Codemonster\\Session\\": "src/"
                }
            },
            "notification-url": "https://packagist.org/downloads/",
            "license": [
                "MIT"
            ],
            "authors": [
                {
                    "name": "Kirill Kolesnikov",
                    "email": "admin@codemonster.ru",
                    "homepage": "https://github.com/KolesnikovKirill",
                    "role": "Lead Developer"
                }
            ],
            "description": "Lightweight session management library for PHP with pluggable handlers",
            "homepage": "https://github.com/codemonster-ru/session",
            "keywords": [
                "codemonster",
                "framework",
                "handler",
                "php",
                "session"
            ],
            "support": {
                "issues": "https://github.com/codemonster-ru/session/issues",
                "source": "https://github.com/codemonster-ru/session"
            },
            "time": "2025-11-15T19:54:45+00:00"
        },
        {
            "name": "codemonster-ru/support",
            "version": "v1.3.0",
            "source": {
                "type": "git",
                "url": "https://github.com/codemonster-ru/support.git",
                "reference": "674815a8ee4c39d31b91ea1ee218d036f6e9bf39"
            },
            "dist": {
                "type": "zip",
                "url": "https://api.github.com/repos/codemonster-ru/support/zipball/674815a8ee4c39d31b91ea1ee218d036f6e9bf39",
                "reference": "674815a8ee4c39d31b91ea1ee218d036f6e9bf39",
                "shasum": ""
            },
            "require": {
                "codemonster-ru/config": "^2.0",
                "codemonster-ru/database": "^1.0",
                "codemonster-ru/dumper": "^1.0",
                "codemonster-ru/env": "^2.0",
                "codemonster-ru/http": "^1.0",
                "codemonster-ru/router": "^2.0",
                "codemonster-ru/session": "^1.0",
                "codemonster-ru/view": "^2.0",
                "php": ">=8.2"
            },
            "require-dev": {
                "codemonster-ru/view-php": "^2.0",
                "phpunit/phpunit": "^9.6 || ^10.5 || ^11.0 || ^12.0"
            },
            "type": "library",
            "extra": {
                "branch-alias": {
                    "dev-main": "1.x-dev"
                }
            },
            "autoload": {
                "files": [
                    "src/helpers/config.php",
                    "src/helpers/db.php",
                    "src/helpers/env.php",
                    "src/helpers/view.php",
                    "src/helpers/router.php",
                    "src/helpers/request.php",
                    "src/helpers/response.php",
                    "src/helpers/session.php",
                    "src/helpers/dump.php"
                ],
                "psr-4": {
                    "Codemonster\\Support\\": "src/"
                }
            },
            "notification-url": "https://packagist.org/downloads/",
            "license": [
                "MIT"
            ],
            "authors": [
                {
                    "name": "Kirill Kolesnikov",
                    "email": "admin@codemonster.net",
                    "homepage": "https://github.com/KolesnikovKirill",
                    "role": "Lead Developer"
                }
            ],
            "description": "Global helper functions for the Codemonster PHP ecosystem.",
            "homepage": "https://github.com/codemonster-ru/support",
            "keywords": [
                "annabel",
                "codemonster",
                "framework",
                "helpers",
                "php",
                "support",
                "utilities"
            ],
            "support": {
                "issues": "https://github.com/codemonster-ru/support/issues",
                "source": "https://github.com/codemonster-ru/support"
            },
            "time": "2025-12-09T13:54:52+00:00"
        },
        {
            "name": "codemonster-ru/view",
            "version": "v2.3.0",
            "source": {
                "type": "git",
                "url": "https://github.com/codemonster-ru/view.git",
                "reference": "726d02e9bacf14d20264f14ab668e9ef35e89e25"
            },
            "dist": {
                "type": "zip",
                "url": "https://api.github.com/repos/codemonster-ru/view/zipball/726d02e9bacf14d20264f14ab668e9ef35e89e25",
                "reference": "726d02e9bacf14d20264f14ab668e9ef35e89e25",
                "shasum": ""
            },
            "require": {
                "php": ">=8.2"
            },
            "require-dev": {
                "phpunit/phpunit": "^9.6 || ^10.5 || ^11.0 || ^12.0"
            },
            "type": "library",
            "extra": {
                "branch-alias": {
                    "dev-main": "2.0.x-dev"
                }
            },
            "autoload": {
                "psr-4": {
                    "Codemonster\\View\\": "src/"
                }
            },
            "notification-url": "https://packagist.org/downloads/",
            "license": [
                "MIT"
            ],
            "authors": [
                {
                    "name": "Kirill Kolesnikov",
                    "email": "admin@codemonster.ru",
                    "homepage": "https://github.com/KolesnikovKirill",
                    "role": "Lead Developer"
                }
            ],
            "description": "View rendering core for PHP applications",
            "homepage": "https://github.com/codemonster-ru/view",
            "keywords": [
                "engine",
                "php",
                "renderer",
                "templating",
                "view"
            ],
            "support": {
                "issues": "https://github.com/codemonster-ru/view/issues",
                "source": "https://github.com/codemonster-ru/view"
            },
            "time": "2025-10-18T13:23:52+00:00"
        },
        {
            "name": "codemonster-ru/view-php",
            "version": "v2.1.0",
            "source": {
                "type": "git",
                "url": "https://github.com/codemonster-ru/view-php.git",
                "reference": "dc4f990b06d2c430988ad4b3058470f0c78ea788"
            },
            "dist": {
                "type": "zip",
                "url": "https://api.github.com/repos/codemonster-ru/view-php/zipball/dc4f990b06d2c430988ad4b3058470f0c78ea788",
                "reference": "dc4f990b06d2c430988ad4b3058470f0c78ea788",
                "shasum": ""
            },
            "require": {
                "codemonster-ru/view": "^2.0",
                "php": ">=8.2"
            },
            "require-dev": {
                "phpunit/phpunit": "^9.6 || ^10.5 || ^11.0 || ^12.0"
            },
            "type": "library",
            "extra": {
                "branch-alias": {
                    "dev-main": "999.x-dev"
                }
            },
            "autoload": {
                "psr-4": {
                    "Codemonster\\View\\Engines\\": "src/"
                }
            },
            "notification-url": "https://packagist.org/downloads/",
            "license": [
                "MIT"
            ],
            "authors": [
                {
                    "name": "Kirill Kolesnikov",
                    "email": "admin@codemonster.ru",
                    "homepage": "https://github.com/KolesnikovKirill",
                    "role": "Lead Developer"
                }
            ],
            "description": "PHP template engine for codemonster-ru/view",
            "homepage": "https://github.com/codemonster-ru/view-php",
            "keywords": [
                "codemonster-ru",
                "engine",
                "php",
                "renderer",
                "templating",
                "view"
            ],
            "support": {
                "issues": "https://github.com/codemonster-ru/view-php/issues",
                "source": "https://github.com/codemonster-ru/view-php"
            },
            "time": "2025-10-14T14:22:08+00:00"
        }
    ],
    "packages-dev": [],
    "aliases": [],
    "minimum-stability": "stable",
    "stability-flags": {},
    "prefer-stable": false,
    "prefer-lowest": false,
    "platform": {
        "php": ">=8.2"
    },
    "platform-dev": {},
    "plugin-api-version": "2.6.0"
}
